
Microsoft Visual Studio Solution File, Format Version 12.00
# Visual Studio Version 17
VisualStudioVersion = 17.14.36203.30 d17.14
MinimumVisualStudioVersion = 10.0.40219.1
Project("{FAE04EC0-301F-11D3-BF4B-00C04F79EFBC}") = "MySupermarket", "MySupermarket.csproj", "{F7889E47-0578-4036-A60C-E35767E3258E}"
EndProject
Global
	GlobalSection(SolutionConfigurationPlatforms) = preSolution
		Debug|Any CPU = Debug|Any CPU
		Release|Any CPU = Release|Any CPU
	EndGlobalSection
	GlobalSection(ProjectConfigurationPlatforms) = postSolution
		{F7889E47-0578-4036-A60C-E35767E3258E}.Debug|Any CPU.ActiveCfg = Debug|Any CPU
		{F7889E47-0578-4036-A60C-E35767E3258E}.Debug|Any CPU.Build.0 = Debug|Any CPU
		{F7889E47-0578-4036-A60C-E35767E3258E}.Release|Any CPU.ActiveCfg = Release|Any CPU
		{F7889E47-0578-4036-A60C-E35767E3258E}.Release|Any CPU.Build.0 = Release|Any CPU
	EndGlobalSection
	GlobalSection(SolutionProperties) = preSolution
		HideSolutionNode = FALSE
	EndGlobalSection
	GlobalSection(ExtensibilityGlobals) = postSolution
		SolutionGuid = {832D6BEA-CF48-4685-82A6-6283A5E47D2B}
	EndGlobalSection
EndGlobal
